
Microsoft Visual Studio Solution File, Format Version 12.00
# Visual Studio Version 17
VisualStudioVersion = 17.9.34616.47
MinimumVisualStudioVersion = 10.0.40219.1
Project("{2150E333-8FDC-42A3-9474-1A3956D46DE8}") = "Building Blocks", "Building Blocks", "{5BBE233E-82D5-4B0B-9BDF-E98E8E4A5020}"
EndProject
Project("{2150E333-8FDC-42A3-9474-1A3956D46DE8}") = "Services", "Services", "{EDFC9616-B7C8-4581-B0F1-94602E700BE4}"
EndProject
Project("{2150E333-8FDC-42A3-9474-1A3956D46DE8}") = "Web", "Web", "{EDF29EBB-BB05-4858-95B0-2EEB37B75871}"
EndProject
Project("{2150E333-8FDC-42A3-9474-1A3956D46DE8}") = "src", "src", "{FAAD8BB4-6AF5-4E45-88FF-D495648BA797}"
EndProject
Project("{2150E333-8FDC-42A3-9474-1A3956D46DE8}") = "Identidade", "Identidade", "{B53D6E67-F862-4A10-82D1-9DA91B484737}"
EndProject
Project("{9A19103F-16F7-4668-BE54-9A1E7A4F7556}") = "NSE.Identidade.API", "src\services\NSE.Identidade.API\NSE.Identidade.API.csproj", "{73E1191C-77A9-48A8-9B6C-B4AFD23E2EAE}"
EndProject
Project("{2150E333-8FDC-42A3-9474-1A3956D46DE8}") = "MVC", "MVC", "{B77B101B-BB24-485C-9FDA-34F0A674CEF4}"
EndProject
Project("{2150E333-8FDC-42A3-9474-1A3956D46DE8}") = "Core", "Core", "{AAA6FF1C-E958-4EF8-A914-777C1AE5DD1A}"
EndProject
Project("{9A19103F-16F7-4668-BE54-9A1E7A4F7556}") = "NSE.Core", "src\building blocks\NSE.Core\NSE.Core.csproj", "{D0DE9C4E-910F-44DC-B5D1-49DB543C670B}"
EndProject
Project("{2150E333-8FDC-42A3-9474-1A3956D46DE8}") = "Carrinho", "Carrinho", "{6E7DD87E-D8CE-4DE0-B6F2-616F3C1A5B1F}"
EndProject
Project("{2150E333-8FDC-42A3-9474-1A3956D46DE8}") = "Catalogo", "Catalogo", "{AE51F29D-CBD0-4576-ACEF-CBD76E0B2BC3}"
EndProject
Project("{2150E333-8FDC-42A3-9474-1A3956D46DE8}") = "Cliente", "Cliente", "{5D695EFE-68A2-4483-BC01-5B95E2F900C2}"
EndProject
Project("{2150E333-8FDC-42A3-9474-1A3956D46DE8}") = "Pagamento", "Pagamento", "{BF5CDF16-702F-4675-A1D7-591E9BA42262}"
EndProject
Project("{2150E333-8FDC-42A3-9474-1A3956D46DE8}") = "Pedido", "Pedido", "{0BB36C3A-5EDA-4819-9F41-7C674BAADC9F}"
EndProject
Project("{9A19103F-16F7-4668-BE54-9A1E7A4F7556}") = "NSE.Carrinho.API", "src\services\NSE.Carrinho.API\NSE.Carrinho.API.csproj", "{ABCE00E4-0231-4C78-97DE-842C794CD901}"
EndProject
Project("{9A19103F-16F7-4668-BE54-9A1E7A4F7556}") = "NSE.Catalogo.API", "src\services\NSE.Catalogo.API\NSE.Catalogo.API.csproj", "{7B39F14A-E0D1-4DF4-980B-7C551F68262C}"
EndProject
Project("{9A19103F-16F7-4668-BE54-9A1E7A4F7556}") = "NSE.Pagamento.API", "src\services\NSE.Pagamento.API\NSE.Pagamento.API.csproj", "{7B881AF3-FBE0-4D7C-A233-F150126DB1B4}"
EndProject
Project("{9A19103F-16F7-4668-BE54-9A1E7A4F7556}") = "NSE.Cliente.API", "src\services\NSE.Cliente.API\NSE.Cliente.API.csproj", "{4F1E9165-0A8D-4333-9326-08A25B906C50}"
EndProject
Project("{9A19103F-16F7-4668-BE54-9A1E7A4F7556}") = "NSE.Pedido.API", "src\services\NSE.Pedido.API\NSE.Pedido.API.csproj", "{470A615D-1C03-4667-9887-C217A3ADDA7F}"
EndProject
Project("{9A19103F-16F7-4668-BE54-9A1E7A4F7556}") = "NSE.WebApp.MVC", "src\web\NSE.WebApp.MVC\NSE.WebApp.MVC.csproj", "{46C0C8C7-BC45-4546-8D89-B6290E0945D9}"
EndProject
Project("{2150E333-8FDC-42A3-9474-1A3956D46DE8}") = "Services", "Services", "{B2A18EFC-8072-4510-B098-ADA20B87A2E1}"
EndProject
Project("{FAE04EC0-301F-11D3-BF4B-00C04F79EFBC}") = "NSE.WebAPI.Core", "src\building blocks\NSE.WebAPI.Core\NSE.WebAPI.Core.csproj", "{6EFE759B-6C21-4318-A07A-AF487EB89FC8}"
EndProject
Global
	GlobalSection(SolutionConfigurationPlatforms) = preSolution
		Debug|Any CPU = Debug|Any CPU
		Release|Any CPU = Release|Any CPU
	EndGlobalSection
	GlobalSection(ProjectConfigurationPlatforms) = postSolution
		{73E1191C-77A9-48A8-9B6C-B4AFD23E2EAE}.Debug|Any CPU.ActiveCfg = Debug|Any CPU
		{73E1191C-77A9-48A8-9B6C-B4AFD23E2EAE}.Debug|Any CPU.Build.0 = Debug|Any CPU
		{73E1191C-77A9-48A8-9B6C-B4AFD23E2EAE}.Release|Any CPU.ActiveCfg = Release|Any CPU
		{73E1191C-77A9-48A8-9B6C-B4AFD23E2EAE}.Release|Any CPU.Build.0 = Release|Any CPU
		{D0DE9C4E-910F-44DC-B5D1-49DB543C670B}.Debug|Any CPU.ActiveCfg = Debug|Any CPU
		{D0DE9C4E-910F-44DC-B5D1-49DB543C670B}.Debug|Any CPU.Build.0 = Debug|Any CPU
		{D0DE9C4E-910F-44DC-B5D1-49DB543C670B}.Release|Any CPU.ActiveCfg = Release|Any CPU
		{D0DE9C4E-910F-44DC-B5D1-49DB543C670B}.Release|Any CPU.Build.0 = Release|Any CPU
		{ABCE00E4-0231-4C78-97DE-842C794CD901}.Debug|Any CPU.ActiveCfg = Debug|Any CPU
		{ABCE00E4-0231-4C78-97DE-842C794CD901}.Debug|Any CPU.Build.0 = Debug|Any CPU
		{ABCE00E4-0231-4C78-97DE-842C794CD901}.Release|Any CPU.ActiveCfg = Release|Any CPU
		{ABCE00E4-0231-4C78-97DE-842C794CD901}.Release|Any CPU.Build.0 = Release|Any CPU
		{7B39F14A-E0D1-4DF4-980B-7C551F68262C}.Debug|Any CPU.ActiveCfg = Debug|Any CPU
		{7B39F14A-E0D1-4DF4-980B-7C551F68262C}.Debug|Any CPU.Build.0 = Debug|Any CPU
		{7B39F14A-E0D1-4DF4-980B-7C551F68262C}.Release|Any CPU.ActiveCfg = Release|Any CPU
		{7B39F14A-E0D1-4DF4-980B-7C551F68262C}.Release|Any CPU.Build.0 = Release|Any CPU
		{7B881AF3-FBE0-4D7C-A233-F150126DB1B4}.Debug|Any CPU.ActiveCfg = Debug|Any CPU
		{7B881AF3-FBE0-4D7C-A233-F150126DB1B4}.Debug|Any CPU.Build.0 = Debug|Any CPU
		{7B881AF3-FBE0-4D7C-A233-F150126DB1B4}.Release|Any CPU.ActiveCfg = Release|Any CPU
		{7B881AF3-FBE0-4D7C-A233-F150126DB1B4}.Release|Any CPU.Build.0 = Release|Any CPU
		{4F1E9165-0A8D-4333-9326-08A25B906C50}.Debug|Any CPU.ActiveCfg = Debug|Any CPU
		{4F1E9165-0A8D-4333-9326-08A25B906C50}.Debug|Any CPU.Build.0 = Debug|Any CPU
		{4F1E9165-0A8D-4333-9326-08A25B906C50}.Release|Any CPU.ActiveCfg = Release|Any CPU
		{4F1E9165-0A8D-4333-9326-08A25B906C50}.Release|Any CPU.Build.0 = Release|Any CPU
		{470A615D-1C03-4667-9887-C217A3ADDA7F}.Debug|Any CPU.ActiveCfg = Debug|Any CPU
		{470A615D-1C03-4667-9887-C217A3ADDA7F}.Debug|Any CPU.Build.0 = Debug|Any CPU
		{470A615D-1C03-4667-9887-C217A3ADDA7F}.Release|Any CPU.ActiveCfg = Release|Any CPU
		{470A615D-1C03-4667-9887-C217A3ADDA7F}.Release|Any CPU.Build.0 = Release|Any CPU
		{46C0C8C7-BC45-4546-8D89-B6290E0945D9}.Debug|Any CPU.ActiveCfg = Debug|Any CPU
		{46C0C8C7-BC45-4546-8D89-B6290E0945D9}.Debug|Any CPU.Build.0 = Debug|Any CPU
		{46C0C8C7-BC45-4546-8D89-B6290E0945D9}.Release|Any CPU.ActiveCfg = Release|Any CPU
		{46C0C8C7-BC45-4546-8D89-B6290E0945D9}.Release|Any CPU.Build.0 = Release|Any CPU
		{6EFE759B-6C21-4318-A07A-AF487EB89FC8}.Debug|Any CPU.ActiveCfg = Debug|Any CPU
		{6EFE759B-6C21-4318-A07A-AF487EB89FC8}.Debug|Any CPU.Build.0 = Debug|Any CPU
		{6EFE759B-6C21-4318-A07A-AF487EB89FC8}.Release|Any CPU.ActiveCfg = Release|Any CPU
		{6EFE759B-6C21-4318-A07A-AF487EB89FC8}.Release|Any CPU.Build.0 = Release|Any CPU
	EndGlobalSection
	GlobalSection(SolutionProperties) = preSolution
		HideSolutionNode = FALSE
	EndGlobalSection
	GlobalSection(NestedProjects) = preSolution
		{5BBE233E-82D5-4B0B-9BDF-E98E8E4A5020} = {FAAD8BB4-6AF5-4E45-88FF-D495648BA797}
		{EDFC9616-B7C8-4581-B0F1-94602E700BE4} = {FAAD8BB4-6AF5-4E45-88FF-D495648BA797}
		{EDF29EBB-BB05-4858-95B0-2EEB37B75871} = {FAAD8BB4-6AF5-4E45-88FF-D495648BA797}
		{B53D6E67-F862-4A10-82D1-9DA91B484737} = {EDFC9616-B7C8-4581-B0F1-94602E700BE4}
		{73E1191C-77A9-48A8-9B6C-B4AFD23E2EAE} = {B53D6E67-F862-4A10-82D1-9DA91B484737}
		{B77B101B-BB24-485C-9FDA-34F0A674CEF4} = {EDF29EBB-BB05-4858-95B0-2EEB37B75871}
		{AAA6FF1C-E958-4EF8-A914-777C1AE5DD1A} = {5BBE233E-82D5-4B0B-9BDF-E98E8E4A5020}
		{D0DE9C4E-910F-44DC-B5D1-49DB543C670B} = {AAA6FF1C-E958-4EF8-A914-777C1AE5DD1A}
		{6E7DD87E-D8CE-4DE0-B6F2-616F3C1A5B1F} = {EDFC9616-B7C8-4581-B0F1-94602E700BE4}
		{AE51F29D-CBD0-4576-ACEF-CBD76E0B2BC3} = {EDFC9616-B7C8-4581-B0F1-94602E700BE4}
		{5D695EFE-68A2-4483-BC01-5B95E2F900C2} = {EDFC9616-B7C8-4581-B0F1-94602E700BE4}
		{BF5CDF16-702F-4675-A1D7-591E9BA42262} = {EDFC9616-B7C8-4581-B0F1-94602E700BE4}
		{0BB36C3A-5EDA-4819-9F41-7C674BAADC9F} = {EDFC9616-B7C8-4581-B0F1-94602E700BE4}
		{ABCE00E4-0231-4C78-97DE-842C794CD901} = {6E7DD87E-D8CE-4DE0-B6F2-616F3C1A5B1F}
		{7B39F14A-E0D1-4DF4-980B-7C551F68262C} = {AE51F29D-CBD0-4576-ACEF-CBD76E0B2BC3}
		{7B881AF3-FBE0-4D7C-A233-F150126DB1B4} = {BF5CDF16-702F-4675-A1D7-591E9BA42262}
		{4F1E9165-0A8D-4333-9326-08A25B906C50} = {5D695EFE-68A2-4483-BC01-5B95E2F900C2}
		{470A615D-1C03-4667-9887-C217A3ADDA7F} = {0BB36C3A-5EDA-4819-9F41-7C674BAADC9F}
		{46C0C8C7-BC45-4546-8D89-B6290E0945D9} = {B77B101B-BB24-485C-9FDA-34F0A674CEF4}
		{B2A18EFC-8072-4510-B098-ADA20B87A2E1} = {5BBE233E-82D5-4B0B-9BDF-E98E8E4A5020}
		{6EFE759B-6C21-4318-A07A-AF487EB89FC8} = {B2A18EFC-8072-4510-B098-ADA20B87A2E1}
	EndGlobalSection
	GlobalSection(ExtensibilityGlobals) = postSolution
		SolutionGuid = {12A2E740-E0B0-42C7-9C04-7337D6F8726A}
	EndGlobalSection
EndGlobal
